// !$*UTF8*$!
{
	archiveVersion = 1;
	classes = {
	};
	objectVersion = 77;
	objects = {

/* Begin PBXContainerItemProxy section */
		591640542DDAA1B800C45FA1 /* PBXContainerItemProxy */ = {
			isa = PBXContainerItemProxy;
			containerPortal = 5916403C2DDAA1B700C45FA1 /* Project object */;
			proxyType = 1;
			remoteGlobalIDString = 591640432DDAA1B700C45FA1;
			remoteInfo = novalentin;
		};
		5916405E2DDAA1B800C45FA1 /* PBXContainerItemProxy */ = {
			isa = PBXContainerItemProxy;
			containerPortal = 5916403C2DDAA1B700C45FA1 /* Project object */;
			proxyType = 1;
			remoteGlobalIDString = 591640432DDAA1B700C45FA1;
			remoteInfo = novalentin;
		};
/* End PBXContainerItemProxy section */

/* Begin PBXFileReference section */
		591640442DDAA1B700C45FA1 /* novalentin.app */ = {isa = PBXFileReference; explicitFileType = wrapper.application; includeInIndex = 0; path = novalentin.app; sourceTree = BUILT_PRODUCTS_DIR; };
		591640532DDAA1B800C45FA1 /* novalentinTests.xctest */ = {isa = PBXFileReference; explicitFileType = wrapper.cfbundle; includeInIndex = 0; path = novalentinTests.xctest; sourceTree = BUILT_PRODUCTS_DIR; };
		5916405D2DDAA1B800C45FA1 /* novalentinUITests.xctest */ = {isa = PBXFileReference; explicitFileType = wrapper.cfbundle; includeInIndex = 0; path = novalentinUITests.xctest; sourceTree = BUILT_PRODUCTS_DIR; };
/* End PBXFileReference section */

/* Begin PBXFileSystemSynchronizedRootGroup section */
		591640462DDAA1B700C45FA1 /* novalentin */ = {
			isa = PBXFileSystemSynchronizedRootGroup;
			path = novalentin;
			sourceTree = "<group>";
		};
		591640562DDAA1B800C45FA1 /* novalentinTests */ = {
			isa = PBXFileSystemSynchronizedRootGroup;
			path = novalentinTests;
			sourceTree = "<group>";
		};
		591640602DDAA1B800C45FA1 /* novalentinUITests */ = {
			isa = PBXFileSystemSynchronizedRootGroup;
			path = novalentinUITests;
			sourceTree = "<group>";
		};
/* End PBXFileSystemSynchronizedRootGroup section */

/* Begin PBXFrameworksBuildPhase section */
		591640412DDAA1B700C45FA1 /* Frameworks */ = {
			isa = PBXFrameworksBuildPhase;
			buildActionMask = 2147483647;
			files = (
			);
			runOnlyForDeploymentPostprocessing = 0;
		};
		591640502DDAA1B800C45FA1 /* Frameworks */ = {
			isa = PBXFrameworksBuildPhase;
			buildActionMask = 2147483647;
			files = (
			);
			runOnlyForDeploymentPostprocessing = 0;
		};
		5916405A2DDAA1B800C45FA1 /* Frameworks */ = {
			isa = PBXFrameworksBuildPhase;
			buildActionMask = 2147483647;
			files = (
			);
			runOnlyForDeploymentPostprocessing = 0;
		};
/* End PBXFrameworksBuildPhase section */

/* Begin PBXGroup section */
		5916403B2DDAA1B700C45FA1 = {
			isa = PBXGroup;
			children = (
				591640462DDAA1B700C45FA1 /* novalentin */,
				591640562DDAA1B800C45FA1 /* novalentinTests */,
				591640602DDAA1B800C45FA1 /* novalentinUITests */,
				591640452DDAA1B700C45FA1 /* Products */,
			);
			sourceTree = "<group>";
		};
		591640452DDAA1B700C45FA1 /* Products */ = {
			isa = PBXGroup;
			children = (
				591640442DDAA1B700C45FA1 /* novalentin.app */,
				591640532DDAA1B800C45FA1 /* novalentinTests.xctest */,
				5916405D2DDAA1B800C45FA1 /* novalentinUITests.xctest */,
			);
			name = Products;
			sourceTree = "<group>";
		};
/* End PBXGroup section */

/* Begin PBXNativeTarget section */
		591640432DDAA1B700C45FA1 /* novalentin */ = {
			isa = PBXNativeTarget;
			buildConfigurationList = 591640672DDAA1B800C45FA1 /* Build configuration list for PBXNativeTarget "novalentin" */;
			buildPhases = (
				591640402DDAA1B700C45FA1 /* Sources */,
				591640412DDAA1B700C45FA1 /* Frameworks */,
				591640422DDAA1B700C45FA1 /* Resources */,
			);
			buildRules = (
			);
			dependencies = (
			);
			fileSystemSynchronizedGroups = (
				591640462DDAA1B700C45FA1 /* novalentin */,
			);
			name = novalentin;
			packageProductDependencies = (
			);
			productName = novalentin;
			productReference = 591640442DDAA1B700C45FA1 /* novalentin.app */;
			productType = "com.apple.product-type.application";
		};
		591640522DDAA1B800C45FA1 /* novalentinTests */ = {
			isa = PBXNativeTarget;
			buildConfigurationList = 5916406A2DDAA1B800C45FA1 /* Build configuration list for PBXNativeTarget "novalentinTests" */;
			buildPhases = (
				5916404F2DDAA1B800C45FA1 /* Sources */,
				591640502DDAA1B800C45FA1 /* Frameworks */,
				591640512DDAA1B800C45FA1 /* Resources */,
			);
			buildRules = (
			);
			dependencies = (
				591640552DDAA1B800C45FA1 /* PBXTargetDependency */,
			);
			fileSystemSynchronizedGroups = (
				591640562DDAA1B800C45FA1 /* novalentinTests */,
			);
			name = novalentinTests;
			packageProductDependencies = (
			);
			productName = novalentinTests;
			productReference = 591640532DDAA1B800C45FA1 /* novalentinTests.xctest */;
			productType = "com.apple.product-type.bundle.unit-test";
		};
		5916405C2DDAA1B800C45FA1 /* novalentinUITests */ = {
			isa = PBXNativeTarget;
			buildConfigurationList = 5916406D2DDAA1B800C45FA1 /* Build configuration list for PBXNativeTarget "novalentinUITests" */;
			buildPhases = (
				591640592DDAA1B800C45FA1 /* Sources */,
				5916405A2DDAA1B800C45FA1 /* Frameworks */,
				5916405B2DDAA1B800C45FA1 /* Resources */,
			);
			buildRules = (
			);
			dependencies = (
				5916405F2DDAA1B800C45FA1 /* PBXTargetDependency */,
			);
			fileSystemSynchronizedGroups = (
				591640602DDAA1B800C45FA1 /* novalentinUITests */,
			);
			name = novalentinUITests;
			packageProductDependencies = (
			);
			productName = novalentinUITests;
			productReference = 5916405D2DDAA1B800C45FA1 /* novalentinUITests.xctest */;
			productType = "com.apple.product-type.bundle.ui-testing";
		};
/* End PBXNativeTarget section */

/* Begin PBXProject section */
		5916403C2DDAA1B700C45FA1 /* Project object */ = {
			isa = PBXProject;
			attributes = {
				BuildIndependentTargetsInParallel = 1;
				LastSwiftUpdateCheck = 1630;
				LastUpgradeCheck = 1630;
				TargetAttributes = {
					591640432DDAA1B700C45FA1 = {
						CreatedOnToolsVersion = 16.3;
					};
					591640522DDAA1B800C45FA1 = {
						CreatedOnToolsVersion = 16.3;
						TestTargetID = 591640432DDAA1B700C45FA1;
					};
					5916405C2DDAA1B800C45FA1 = {
						CreatedOnToolsVersion = 16.3;
						TestTargetID = 591640432DDAA1B700C45FA1;
					};
				};
			};
			buildConfigurationList = 5916403F2DDAA1B700C45FA1 /* Build configuration list for PBXProject "novalentin" */;
			developmentRegion = en;
			hasScannedForEncodings = 0;
			knownRegions = (
				en,
				Base,
			);
			mainGroup = 5916403B2DDAA1B700C45FA1;
			minimizedProjectReferenceProxies = 1;
			preferredProjectObjectVersion = 77;
			productRefGroup = 591640452DDAA1B700C45FA1 /* Products */;
			projectDirPath = "";
			projectRoot = "";
			targets = (
				591640432DDAA1B700C45FA1 /* novalentin */,
				591640522DDAA1B800C45FA1 /* novalentinTests */,
				5916405C2DDAA1B800C45FA1 /* novalentinUITests */,
			);
		};
/* End PBXProject section */

/* Begin PBXResourcesBuildPhase section */
		591640422DDAA1B700C45FA1 /* Resources */ = {
			isa = PBXResourcesBuildPhase;
			buildActionMask = 2147483647;
			files = (
			);
			runOnlyForDeploymentPostprocessing = 0;
		};
		591640512DDAA1B800C45FA1 /* Resources */ = {
			isa = PBXResourcesBuildPhase;
			buildActionMask = 2147483647;
			files = (
			);
			runOnlyForDeploymentPostprocessing = 0;
		};
		5916405B2DDAA1B800C45FA1 /* Resources */ = {
			isa = PBXResourcesBuildPhase;
			buildActionMask = 2147483647;
			files = (
			);
			runOnlyForDeploymentPostprocessing = 0;
		};
/* End PBXResourcesBuildPhase section */

/* Begin PBXSourcesBuildPhase section */
		591640402DDAA1B700C45FA1 /* Sources */ = {
			isa = PBXSourcesBuildPhase;
			buildActionMask = 2147483647;
			files = (
			);
			runOnlyForDeploymentPostprocessing = 0;
		};
		5916404F2DDAA1B800C45FA1 /* Sources */ = {
			isa = PBXSourcesBuildPhase;
			buildActionMask = 2147483647;
			files = (
			);
			runOnlyForDeploymentPostprocessing = 0;
		};
		591640592DDAA1B800C45FA1 /* Sources */ = {
			isa = PBXSourcesBuildPhase;
			buildActionMask = 2147483647;
			files = (
			);
			runOnlyForDeploymentPostprocessing = 0;
		};
/* End PBXSourcesBuildPhase section */

/* Begin PBXTargetDependency section */
		591640552DDAA1B800C45FA1 /* PBXTargetDependency */ = {
			isa = PBXTargetDependency;
			target = 591640432DDAA1B700C45FA1 /* novalentin */;
			targetProxy = 591640542DDAA1B800C45FA1 /* PBXContainerItemProxy */;
		};
		5916405F2DDAA1B800C45FA1 /* PBXTargetDependency */ = {
			isa = PBXTargetDependency;
			target = 591640432DDAA1B700C45FA1 /* novalentin */;
			targetProxy = 5916405E2DDAA1B800C45FA1 /* PBXContainerItemProxy */;
		};
/* End PBXTargetDependency section */

/* Begin XCBuildConfiguration section */
		591640652DDAA1B800C45FA1 /* Debug */ = {
			isa = XCBuildConfiguration;
			buildSettings = {
				ALWAYS_SEARCH_USER_PATHS = NO;
				ASSETCATALOG_COMPILER_GENERATE_SWIFT_ASSET_SYMBOL_EXTENSIONS = YES;
				CLANG_ANALYZER_NONNULL = YES;
				CLANG_ANALYZER_NUMBER_OBJECT_CONVERSION = YES_AGGRESSIVE;
				CLANG_CXX_LANGUAGE_STANDARD = "gnu++20";
				CLANG_ENABLE_MODULES = YES;
				CLANG_ENABLE_OBJC_ARC = YES;
				CLANG_ENABLE_OBJC_WEAK = YES;
				CLANG_WARN_BLOCK_CAPTURE_AUTORELEASING = YES;
				CLANG_WARN_BOOL_CONVERSION = YES;
				CLANG_WARN_COMMA = YES;
				CLANG_WARN_CONSTANT_CONVERSION = YES;
				CLANG_WARN_DEPRECATED_OBJC_IMPLEMENTATIONS = YES;
				CLANG_WARN_DIRECT_OBJC_ISA_USAGE = YES_ERROR;
				CLANG_WARN_DOCUMENTATION_COMMENTS = YES;
				CLANG_WARN_EMPTY_BODY = YES;
				CLANG_WARN_ENUM_CONVERSION = YES;
				CLANG_WARN_INFINITE_RECURSION = YES;
				CLANG_WARN_INT_CONVERSION = YES;
				CLANG_WARN_NON_LITERAL_NULL_CONVERSION = YES;
				CLANG_WARN_OBJC_IMPLICIT_RETAIN_SELF = YES;
				CLANG_WARN_OBJC_LITERAL_CONVERSION = YES;
				CLANG_WARN_OBJC_ROOT_CLASS = YES_ERROR;
				CLANG_WARN_QUOTED_INCLUDE_IN_FRAMEWORK_HEADER = YES;
				CLANG_WARN_RANGE_LOOP_ANALYSIS = YES;
				CLANG_WARN_STRICT_PROTOTYPES = YES;
				CLANG_WARN_SUSPICIOUS_MOVE = YES;
				CLANG_WARN_UNGUARDED_AVAILABILITY = YES_AGGRESSIVE;
				CLANG_WARN_UNREACHABLE_CODE = YES;
				CLANG_WARN__DUPLICATE_METHOD_MATCH = YES;
				COPY_PHASE_STRIP = NO;
				DEBUG_INFORMATION_FORMAT = dwarf;
				DEVELOPMENT_TEAM = Q9V4R6VX4S;
				ENABLE_STRICT_OBJC_MSGSEND = YES;
				ENABLE_TESTABILITY = YES;
				ENABLE_USER_SCRIPT_SANDBOXING = YES;
				GCC_C_LANGUAGE_STANDARD = gnu17;
				GCC_DYNAMIC_NO_PIC = NO;
				GCC_NO_COMMON_BLOCKS = YES;
				GCC_OPTIMIZATION_LEVEL = 0;
				GCC_PREPROCESSOR_DEFINITIONS = (
					"DEBUG=1",
					"$(inherited)",
				);
				GCC_WARN_64_TO_32_BIT_CONVERSION = YES;
				GCC_WARN_ABOUT_RETURN_TYPE = YES_ERROR;
				GCC_WARN_UNDECLARED_SELECTOR = YES;
				GCC_WARN_UNINITIALIZED_AUTOS = YES_AGGRESSIVE;
				GCC_WARN_UNUSED_FUNCTION = YES;
				GCC_WARN_UNUSED_VARIABLE = YES;
				IPHONEOS_DEPLOYMENT_TARGET = 18.4;
				LOCALIZATION_PREFERS_STRING_CATALOGS = YES;
				MTL_ENABLE_DEBUG_INFO = INCLUDE_SOURCE;
				MTL_FAST_MATH = YES;
				ONLY_ACTIVE_ARCH = YES;
				SDKROOT = iphoneos;
				SWIFT_ACTIVE_COMPILATION_CONDITIONS = "DEBUG $(inherited)";
				SWIFT_OPTIMIZATION_LEVEL = "-Onone";
			};
			name = Debug;
		};
		591640662DDAA1B800C45FA1 /* Release */ = {
			isa = XCBuildConfiguration;
			buildSettings = {
				ALWAYS_SEARCH_USER_PATHS = NO;
				ASSETCATALOG_COMPILER_GENERATE_SWIFT_ASSET_SYMBOL_EXTENSIONS = YES;
				CLANG_ANALYZER_NONNULL = YES;
				CLANG_ANALYZER_NUMBER_OBJECT_CONVERSION = YES_AGGRESSIVE;
				CLANG_CXX_LANGUAGE_STANDARD = "gnu++20";
				CLANG_ENABLE_MODULES = YES;
				CLANG_ENABLE_OBJC_ARC = YES;
				CLANG_ENABLE_OBJC_WEAK = YES;
				CLANG_WARN_BLOCK_CAPTURE_AUTORELEASING = YES;
				CLANG_WARN_BOOL_CONVERSION = YES;
				CLANG_WARN_COMMA = YES;
				CLANG_WARN_CONSTANT_CONVERSION = YES;
				CLANG_WARN_DEPRECATED_OBJC_IMPLEMENTATIONS = YES;
				CLANG_WARN_DIRECT_OBJC_ISA_USAGE = YES_ERROR;
				CLANG_WARN_DOCUMENTATION_COMMENTS = YES;
				CLANG_WARN_EMPTY_BODY = YES;
				CLANG_WARN_ENUM_CONVERSION = YES;
				CLANG_WARN_INFINITE_RECURSION = YES;
				CLANG_WARN_INT_CONVERSION = YES;
				CLANG_WARN_NON_LITERAL_NULL_CONVERSION = YES;
				CLANG_WARN_OBJC_IMPLICIT_RETAIN_SELF = YES;
				CLANG_WARN_OBJC_LITERAL_CONVERSION = YES;
				CLANG_WARN_OBJC_ROOT_CLASS = YES_ERROR;
				CLANG_WARN_QUOTED_INCLUDE_IN_FRAMEWORK_HEADER = YES;
				CLANG_WARN_RANGE_LOOP_ANALYSIS = YES;
				CLANG_WARN_STRICT_PROTOTYPES = YES;
				CLANG_WARN_SUSPICIOUS_MOVE = YES;
				CLANG_WARN_UNGUARDED_AVAILABILITY = YES_AGGRESSIVE;
				CLANG_WARN_UNREACHABLE_CODE = YES;
				CLANG_WARN__DUPLICATE_METHOD_MATCH = YES;
				COPY_PHASE_STRIP = NO;
				DEBUG_INFORMATION_FORMAT = "dwarf-with-dsym";
				DEVELOPMENT_TEAM = Q9V4R6VX4S;
				ENABLE_NS_ASSERTIONS = NO;
				ENABLE_STRICT_OBJC_MSGSEND = YES;
				ENABLE_USER_SCRIPT_SANDBOXING = YES;
				GCC_C_LANGUAGE_STANDARD = gnu17;
				GCC_NO_COMMON_BLOCKS = YES;
				GCC_WARN_64_TO_32_BIT_CONVERSION = YES;
				GCC_WARN_ABOUT_RETURN_TYPE = YES_ERROR;
				GCC_WARN_UNDECLARED_SELECTOR = YES;
				GCC_WARN_UNINITIALIZED_AUTOS = YES_AGGRESSIVE;
				GCC_WARN_UNUSED_FUNCTION = YES;
				GCC_WARN_UNUSED_VARIABLE = YES;
				IPHONEOS_DEPLOYMENT_TARGET = 18.4;
				LOCALIZATION_PREFERS_STRING_CATALOGS = YES;
				MTL_ENABLE_DEBUG_INFO = NO;
				MTL_FAST_MATH = YES;
				SDKROOT = iphoneos;
				SWIFT_COMPILATION_MODE = wholemodule;
				VALIDATE_PRODUCT = YES;
			};
			name = Release;
		};
		591640682DDAA1B800C45FA1 /* Debug */ = {
			isa = XCBuildConfiguration;
			buildSettings = {
				ASSETCATALOG_COMPILER_APPICON_NAME = AppIcon;
				ASSETCATALOG_COMPILER_GLOBAL_ACCENT_COLOR_NAME = AccentColor;
				CODE_SIGN_STYLE = Automatic;
				CURRENT_PROJECT_VERSION = 1;
				DEVELOPMENT_TEAM = Q9V4R6VX4S;
				ENABLE_PREVIEWS = YES;
				GENERATE_INFOPLIST_FILE = YES;
				INFOPLIST_KEY_UIApplicationSceneManifest_Generation = YES;
				INFOPLIST_KEY_UIApplicationSupportsIndirectInputEvents = YES;
				INFOPLIST_KEY_UILaunchScreen_Generation = YES;
				INFOPLIST_KEY_UISupportedInterfaceOrientations_iPad = "UIInterfaceOrientationPortrait UIInterfaceOrientationPortraitUpsideDown UIInterfaceOrientationLandscapeLeft UIInterfaceOrientationLandscapeRight";
				INFOPLIST_KEY_UISupportedInterfaceOrientations_iPhone = "UIInterfaceOrientationPortrait UIInterfaceOrientationLandscapeLeft UIInterfaceOrientationLandscapeRight";
				LD_RUNPATH_SEARCH_PATHS = (
					"$(inherited)",
					"@executable_path/Frameworks",
				);
				MARKETING_VERSION = 1.0;
				PRODUCT_BUNDLE_IDENTIFIER = wasaberto.novalentin;
				PRODUCT_NAME = "$(TARGET_NAME)";
				SWIFT_EMIT_LOC_STRINGS = YES;
				SWIFT_VERSION = 5.0;
				TARGETED_DEVICE_FAMILY = "1,2";
			};
			name = Debug;
		};
		591640692DDAA1B800C45FA1 /* Release */ = {
			isa = XCBuildConfiguration;
			buildSettings = {
				ASSETCATALOG_COMPILER_APPICON_NAME = AppIcon;
				ASSETCATALOG_COMPILER_GLOBAL_ACCENT_COLOR_NAME = AccentColor;
				CODE_SIGN_STYLE = Automatic;
				CURRENT_PROJECT_VERSION = 1;
				DEVELOPMENT_TEAM = Q9V4R6VX4S;
				ENABLE_PREVIEWS = YES;
				GENERATE_INFOPLIST_FILE = YES;
				INFOPLIST_KEY_UIApplicationSceneManifest_Generation = YES;
				INFOPLIST_KEY_UIApplicationSupportsIndirectInputEvents = YES;
				INFOPLIST_KEY_UILaunchScreen_Generation = YES;
				INFOPLIST_KEY_UISupportedInterfaceOrientations_iPad = "UIInterfaceOrientationPortrait UIInterfaceOrientationPortraitUpsideDown UIInterfaceOrientationLandscapeLeft UIInterfaceOrientationLandscapeRight";
				INFOPLIST_KEY_UISupportedInterfaceOrientations_iPhone = "UIInterfaceOrientationPortrait UIInterfaceOrientationLandscapeLeft UIInterfaceOrientationLandscapeRight";
				LD_RUNPATH_SEARCH_PATHS = (
					"$(inherited)",
					"@executable_path/Frameworks",
				);
				MARKETING_VERSION = 1.0;
				PRODUCT_BUNDLE_IDENTIFIER = wasaberto.novalentin;
				PRODUCT_NAME = "$(TARGET_NAME)";
				SWIFT_EMIT_LOC_STRINGS = YES;
				SWIFT_VERSION = 5.0;
				TARGETED_DEVICE_FAMILY = "1,2";
			};
			name = Release;
		};
		5916406B2DDAA1B800C45FA1 /* Debug */ = {
			isa = XCBuildConfiguration;
			buildSettings = {
				BUNDLE_LOADER = "$(TEST_HOST)";
				CODE_SIGN_STYLE = Automatic;
				CURRENT_PROJECT_VERSION = 1;
				DEVELOPMENT_TEAM = Q9V4R6VX4S;
				GENERATE_INFOPLIST_FILE = YES;
				IPHONEOS_DEPLOYMENT_TARGET = 18.4;
				MARKETING_VERSION = 1.0;
				PRODUCT_BUNDLE_IDENTIFIER = wasaberto.novalentinTests;
				PRODUCT_NAME = "$(TARGET_NAME)";
				SWIFT_EMIT_LOC_STRINGS = NO;
				SWIFT_VERSION = 5.0;
				TARGETED_DEVICE_FAMILY = "1,2";
				TEST_HOST = "$(BUILT_PRODUCTS_DIR)/novalentin.app/$(BUNDLE_EXECUTABLE_FOLDER_PATH)/novalentin";
			};
			name = Debug;
		};
		5916406C2DDAA1B800C45FA1 /* Release */ = {
			isa = XCBuildConfiguration;
			buildSettings = {
				BUNDLE_LOADER = "$(TEST_HOST)";
				CODE_SIGN_STYLE = Automatic;
				CURRENT_PROJECT_VERSION = 1;
				DEVELOPMENT_TEAM = Q9V4R6VX4S;
				GENERATE_INFOPLIST_FILE = YES;
				IPHONEOS_DEPLOYMENT_TARGET = 18.4;
				MARKETING_VERSION = 1.0;
				PRODUCT_BUNDLE_IDENTIFIER = wasaberto.novalentinTests;
				PRODUCT_NAME = "$(TARGET_NAME)";
				SWIFT_EMIT_LOC_STRINGS = NO;
				SWIFT_VERSION = 5.0;
				TARGETED_DEVICE_FAMILY = "1,2";
				TEST_HOST = "$(BUILT_PRODUCTS_DIR)/novalentin.app/$(BUNDLE_EXECUTABLE_FOLDER_PATH)/novalentin";
			};
			name = Release;
		};
		5916406E2DDAA1B800C45FA1 /* Debug */ = {
			isa = XCBuildConfiguration;
			buildSettings = {
				CODE_SIGN_STYLE = Automatic;
				CURRENT_PROJECT_VERSION = 1;
				DEVELOPMENT_TEAM = Q9V4R6VX4S;
				GENERATE_INFOPLIST_FILE = YES;
				MARKETING_VERSION = 1.0;
				PRODUCT_BUNDLE_IDENTIFIER = wasaberto.novalentinUITests;
				PRODUCT_NAME = "$(TARGET_NAME)";
				SWIFT_EMIT_LOC_STRINGS = NO;
				SWIFT_VERSION = 5.0;
				TARGETED_DEVICE_FAMILY = "1,2";
				TEST_TARGET_NAME = novalentin;
			};
			name = Debug;
		};
		5916406F2DDAA1B800C45FA1 /* Release */ = {
			isa = XCBuildConfiguration;
			buildSettings = {
				CODE_SIGN_STYLE = Automatic;
				CURRENT_PROJECT_VERSION = 1;
				DEVELOPMENT_TEAM = Q9V4R6VX4S;
				GENERATE_INFOPLIST_FILE = YES;
				MARKETING_VERSION = 1.0;
				PRODUCT_BUNDLE_IDENTIFIER = wasaberto.novalentinUITests;
				PRODUCT_NAME = "$(TARGET_NAME)";
				SWIFT_EMIT_LOC_STRINGS = NO;
				SWIFT_VERSION = 5.0;
				TARGETED_DEVICE_FAMILY = "1,2";
				TEST_TARGET_NAME = novalentin;
			};
			name = Release;
		};
/* End XCBuildConfiguration section */

/* Begin XCConfigurationList section */
		5916403F2DDAA1B700C45FA1 /* Build configuration list for PBXProject "novalentin" */ = {
			isa = XCConfigurationList;
			buildConfigurations = (
				591640652DDAA1B800C45FA1 /* Debug */,
				591640662DDAA1B800C45FA1 /* Release */,
			);
			defaultConfigurationIsVisible = 0;
			defaultConfigurationName = Release;
		};
		591640672DDAA1B800C45FA1 /* Build configuration list for PBXNativeTarget "novalentin" */ = {
			isa = XCConfigurationList;
			buildConfigurations = (
				591640682DDAA1B800C45FA1 /* Debug */,
				591640692DDAA1B800C45FA1 /* Release */,
			);
			defaultConfigurationIsVisible = 0;
			defaultConfigurationName = Release;
		};
		5916406A2DDAA1B800C45FA1 /* Build configuration list for PBXNativeTarget "novalentinTests" */ = {
			isa = XCConfigurationList;
			buildConfigurations = (
				5916406B2DDAA1B800C45FA1 /* Debug */,
				5916406C2DDAA1B800C45FA1 /* Release */,
			);
			defaultConfigurationIsVisible = 0;
			defaultConfigurationName = Release;
		};
		5916406D2DDAA1B800C45FA1 /* Build configuration list for PBXNativeTarget "novalentinUITests" */ = {
			isa = XCConfigurationList;
			buildConfigurations = (
				5916406E2DDAA1B800C45FA1 /* Debug */,
				5916406F2DDAA1B800C45FA1 /* Release */,
			);
			defaultConfigurationIsVisible = 0;
			defaultConfigurationName = Release;
		};
/* End XCConfigurationList section */
	};
	rootObject = 5916403C2DDAA1B700C45FA1 /* Project object */;
}
